// !$*UTF8*$!
{
	archiveVersion = 1;
	classes = {
	};
	objectVersion = 46;
	objects = {

/* Begin PBXBuildFile section */
		7B0200541CB0B7200093004A /* UserViewController.swift in Sources */ = {isa = PBXBuildFile; fileRef = 7B0200531CB0B7200093004A /* UserViewController.swift */; };
		7B0200581CB1F8ED0093004A /* TabbarViewController.swift in Sources */ = {isa = PBXBuildFile; fileRef = 7B0200571CB1F8ED0093004A /* TabbarViewController.swift */; };
		7B0200631CB3F6A60093004A /* MoreViewController.swift in Sources */ = {isa = PBXBuildFile; fileRef = 7B0200621CB3F6A60093004A /* MoreViewController.swift */; };
		7BE6AD001CA01871001C8009 /* AppDelegate.swift in Sources */ = {isa = PBXBuildFile; fileRef = 7BE6ACFF1CA01871001C8009 /* AppDelegate.swift */; };
		7BE6AD051CA01871001C8009 /* Main.storyboard in Resources */ = {isa = PBXBuildFile; fileRef = 7BE6AD031CA01871001C8009 /* Main.storyboard */; };
		7BE6AD071CA01871001C8009 /* Assets.xcassets in Resources */ = {isa = PBXBuildFile; fileRef = 7BE6AD061CA01871001C8009 /* Assets.xcassets */; };
		7BE6AD0A1CA01871001C8009 /* LaunchScreen.storyboard in Resources */ = {isa = PBXBuildFile; fileRef = 7BE6AD081CA01871001C8009 /* LaunchScreen.storyboard */; };
		7BE6AD151CA01871001C8009 /* MylaundrydemoTests.swift in Sources */ = {isa = PBXBuildFile; fileRef = 7BE6AD141CA01871001C8009 /* MylaundrydemoTests.swift */; };
		7BE6AD201CA01871001C8009 /* MylaundrydemoUITests.swift in Sources */ = {isa = PBXBuildFile; fileRef = 7BE6AD1F1CA01871001C8009 /* MylaundrydemoUITests.swift */; };
		7BE6AD2E1CA01CA5001C8009 /* SplashViewController.swift in Sources */ = {isa = PBXBuildFile; fileRef = 7BE6AD2D1CA01CA5001C8009 /* SplashViewController.swift */; };
		7BF2A97B1CA82305007A8D42 /* LoginViewController.swift in Sources */ = {isa = PBXBuildFile; fileRef = 7BF2A97A1CA82305007A8D42 /* LoginViewController.swift */; };
		7BF2A97D1CA82498007A8D42 /* STHeiti-Light.ttc in Resources */ = {isa = PBXBuildFile; fileRef = 7BF2A97C1CA82498007A8D42 /* STHeiti-Light.ttc */; };
		7BF2A9801CA831E1007A8D42 /* Customcolors.swift in Sources */ = {isa = PBXBuildFile; fileRef = 7BF2A97F1CA831E1007A8D42 /* Customcolors.swift */; };
		7BF2A9821CA963B4007A8D42 /* HomeViewController.swift in Sources */ = {isa = PBXBuildFile; fileRef = 7BF2A9811CA963B4007A8D42 /* HomeViewController.swift */; };
		7BF2A9841CAAA041007A8D42 /* RXProgressHUD.swift in Sources */ = {isa = PBXBuildFile; fileRef = 7BF2A9831CAAA041007A8D42 /* RXProgressHUD.swift */; };
		7BF2A9861CAAA0CA007A8D42 /* RXHUD.swift in Sources */ = {isa = PBXBuildFile; fileRef = 7BF2A9851CAAA0CA007A8D42 /* RXHUD.swift */; };
		7BF2A9881CAAC752007A8D42 /* pieceWashViewController.swift in Sources */ = {isa = PBXBuildFile; fileRef = 7BF2A9871CAAC752007A8D42 /* pieceWashViewController.swift */; };
		7BF2A9911CAFF00D007A8D42 /* WashBagViewController.swift in Sources */ = {isa = PBXBuildFile; fileRef = 7BF2A9901CAFF00D007A8D42 /* WashBagViewController.swift */; };
/* End PBXBuildFile section */

/* Begin PBXContainerItemProxy section */
		7BE6AD111CA01871001C8009 /* PBXContainerItemProxy */ = {
			isa = PBXContainerItemProxy;
			containerPortal = 7BE6ACF41CA01871001C8009 /* Project object */;
			proxyType = 1;
			remoteGlobalIDString = 7BE6ACFB1CA01871001C8009;
			remoteInfo = Mylaundrydemo;
		};
		7BE6AD1C1CA01871001C8009 /* PBXContainerItemProxy */ = {
			isa = PBXContainerItemProxy;
			containerPortal = 7BE6ACF41CA01871001C8009 /* Project object */;
			proxyType = 1;
			remoteGlobalIDString = 7BE6ACFB1CA01871001C8009;
			remoteInfo = Mylaundrydemo;
		};
/* End PBXContainerItemProxy section */

/* Begin PBXFileReference section */
		7B0200531CB0B7200093004A /* UserViewController.swift */ = {isa = PBXFileReference; fileEncoding = 4; lastKnownFileType = sourcecode.swift; path = UserViewController.swift; sourceTree = "<group>"; };
		7B0200571CB1F8ED0093004A /* TabbarViewController.swift */ = {isa = PBXFileReference; fileEncoding = 4; lastKnownFileType = sourcecode.swift; name = TabbarViewController.swift; path = ../TabbarViewController.swift; sourceTree = "<group>"; };
		7B0200621CB3F6A60093004A /* MoreViewController.swift */ = {isa = PBXFileReference; fileEncoding = 4; lastKnownFileType = sourcecode.swift; path = MoreViewController.swift; sourceTree = "<group>"; };
		7BE6ACFC1CA01871001C8009 /* Mylaundrydemo.app */ = {isa = PBXFileReference; explicitFileType = wrapper.application; includeInIndex = 0; path = Mylaundrydemo.app; sourceTree = BUILT_PRODUCTS_DIR; };
		7BE6ACFF1CA01871001C8009 /* AppDelegate.swift */ = {isa = PBXFileReference; lastKnownFileType = sourcecode.swift; path = AppDelegate.swift; sourceTree = "<group>"; };
		7BE6AD041CA01871001C8009 /* Base */ = {isa = PBXFileReference; lastKnownFileType = file.storyboard; name = Base; path = Base.lproj/Main.storyboard; sourceTree = "<group>"; };
		7BE6AD061CA01871001C8009 /* Assets.xcassets */ = {isa = PBXFileReference; lastKnownFileType = folder.assetcatalog; path = Assets.xcassets; sourceTree = "<group>"; };
		7BE6AD091CA01871001C8009 /* Base */ = {isa = PBXFileReference; lastKnownFileType = file.storyboard; name = Base; path = Base.lproj/LaunchScreen.storyboard; sourceTree = "<group>"; };
		7BE6AD0B1CA01871001C8009 /* Info.plist */ = {isa = PBXFileReference; lastKnownFileType = text.plist.xml; path = Info.plist; sourceTree = "<group>"; };
		7BE6AD101CA01871001C8009 /* MylaundrydemoTests.xctest */ = {isa = PBXFileReference; explicitFileType = wrapper.cfbundle; includeInIndex = 0; path = MylaundrydemoTests.xctest; sourceTree = BUILT_PRODUCTS_DIR; };
		7BE6AD141CA01871001C8009 /* MylaundrydemoTests.swift */ = {isa = PBXFileReference; lastKnownFileType = sourcecode.swift; path = MylaundrydemoTests.swift; sourceTree = "<group>"; };
		7BE6AD161CA01871001C8009 /* Info.plist */ = {isa = PBXFileReference; lastKnownFileType = text.plist.xml; path = Info.plist; sourceTree = "<group>"; };
		7BE6AD1B1CA01871001C8009 /* MylaundrydemoUITests.xctest */ = {isa = PBXFileReference; explicitFileType = wrapper.cfbundle; includeInIndex = 0; path = MylaundrydemoUITests.xctest; sourceTree = BUILT_PRODUCTS_DIR; };
		7BE6AD1F1CA01871001C8009 /* MylaundrydemoUITests.swift */ = {isa = PBXFileReference; lastKnownFileType = sourcecode.swift; path = MylaundrydemoUITests.swift; sourceTree = "<group>"; };
		7BE6AD211CA01871001C8009 /* Info.plist */ = {isa = PBXFileReference; lastKnownFileType = text.plist.xml; path = Info.plist; sourceTree = "<group>"; };
		7BE6AD2D1CA01CA5001C8009 /* SplashViewController.swift */ = {isa = PBXFileReference; fileEncoding = 4; lastKnownFileType = sourcecode.swift; path = SplashViewController.swift; sourceTree = "<group>"; };
		7BF2A97A1CA82305007A8D42 /* LoginViewController.swift */ = {isa = PBXFileReference; fileEncoding = 4; lastKnownFileType = sourcecode.swift; path = LoginViewController.swift; sourceTree = "<group>"; };
		7BF2A97C1CA82498007A8D42 /* STHeiti-Light.ttc */ = {isa = PBXFileReference; lastKnownFileType = file; name = "STHeiti-Light.ttc"; path = "../../../../百度云同步盘/麦子洗衣/美术资源/字体、色彩/STHeiti-Light.ttc"; sourceTree = "<group>"; };
		7BF2A97F1CA831E1007A8D42 /* Customcolors.swift */ = {isa = PBXFileReference; fileEncoding = 4; lastKnownFileType = sourcecode.swift; name = Customcolors.swift; path = ../../maizidemo02/maizidemo02/Customcolors.swift; sourceTree = "<group>"; };
		7BF2A9811CA963B4007A8D42 /* HomeViewController.swift */ = {isa = PBXFileReference; fileEncoding = 4; lastKnownFileType = sourcecode.swift; path = HomeViewController.swift; sourceTree = "<group>"; };
		7BF2A9831CAAA041007A8D42 /* RXProgressHUD.swift */ = {isa = PBXFileReference; fileEncoding = 4; lastKnownFileType = sourcecode.swift; name = RXProgressHUD.swift; path = ../../../../Downloads/RXProgressHUD/RXProgressHUD/RXProgressHUD.swift; sourceTree = "<group>"; };
		7BF2A9851CAAA0CA007A8D42 /* RXHUD.swift */ = {isa = PBXFileReference; fileEncoding = 4; lastKnownFileType = sourcecode.swift; name = RXHUD.swift; path = ../../../../Downloads/RXProgressHUD/RXProgressHUD/RXHUD.swift; sourceTree = "<group>"; };
		7BF2A9871CAAC752007A8D42 /* pieceWashViewController.swift */ = {isa = PBXFileReference; fileEncoding = 4; lastKnownFileType = sourcecode.swift; path = pieceWashViewController.swift; sourceTree = "<group>"; };
		7BF2A9901CAFF00D007A8D42 /* WashBagViewController.swift */ = {isa = PBXFileReference; fileEncoding = 4; lastKnownFileType = sourcecode.swift; path = WashBagViewController.swift; sourceTree = "<group>"; };
/* End PBXFileReference section */

/* Begin PBXFrameworksBuildPhase section */
		7BE6ACF91CA01871001C8009 /* Frameworks */ = {
			isa = PBXFrameworksBuildPhase;
			buildActionMask = 2147483647;
			files = (
			);
			runOnlyForDeploymentPostprocessing = 0;
		};
		7BE6AD0D1CA01871001C8009 /* Frameworks */ = {
			isa = PBXFrameworksBuildPhase;
			buildActionMask = 2147483647;
			files = (
			);
			runOnlyForDeploymentPostprocessing = 0;
		};
		7BE6AD181CA01871001C8009 /* Frameworks */ = {
			isa = PBXFrameworksBuildPhase;
			buildActionMask = 2147483647;
			files = (
			);
			runOnlyForDeploymentPostprocessing = 0;
		};
/* End PBXFrameworksBuildPhase section */

/* Begin PBXGroup section */
		7B02005B1CB3F4840093004A /* Home */ = {
			isa = PBXGroup;
			children = (
				7B0200571CB1F8ED0093004A /* TabbarViewController.swift */,
				7BF2A9871CAAC752007A8D42 /* pieceWashViewController.swift */,
				7BF2A9901CAFF00D007A8D42 /* WashBagViewController.swift */,
				7BF2A9811CA963B4007A8D42 /* HomeViewController.swift */,
			);
			name = Home;
			sourceTree = "<group>";
		};
		7B02005C1CB3F4960093004A /* Splash */ = {
			isa = PBXGroup;
			children = (
				7BE6AD2D1CA01CA5001C8009 /* SplashViewController.swift */,
			);
			name = Splash;
			sourceTree = "<group>";
		};
		7B02005D1CB3F4A50093004A /* Login */ = {
			isa = PBXGroup;
			children = (
				7BF2A97A1CA82305007A8D42 /* LoginViewController.swift */,
			);
			name = Login;
			sourceTree = "<group>";
		};
		7B02005E1CB3F4AE0093004A /* More */ = {
			isa = PBXGroup;
			children = (
				7B0200621CB3F6A60093004A /* MoreViewController.swift */,
			);
			name = More;
			sourceTree = "<group>";
		};
		7B02005F1CB3F4BD0093004A /* User */ = {
			isa = PBXGroup;
			children = (
				7B0200531CB0B7200093004A /* UserViewController.swift */,
			);
			name = User;
			sourceTree = "<group>";
		};
		7BE6ACF31CA01871001C8009 = {
			isa = PBXGroup;
			children = (
				7BE6ACFE1CA01871001C8009 /* Mylaundrydemo */,
				7BE6AD131CA01871001C8009 /* MylaundrydemoTests */,
				7BE6AD1E1CA01871001C8009 /* MylaundrydemoUITests */,
				7BE6ACFD1CA01871001C8009 /* Products */,
			);
			sourceTree = "<group>";
		};
		7BE6ACFD1CA01871001C8009 /* Products */ = {
			isa = PBXGroup;
			children = (
				7BE6ACFC1CA01871001C8009 /* Mylaundrydemo.app */,
				7BE6AD101CA01871001C8009 /* MylaundrydemoTests.xctest */,
				7BE6AD1B1CA01871001C8009 /* MylaundrydemoUITests.xctest */,
			);
			name = Products;
			sourceTree = "<group>";
		};
		7BE6ACFE1CA01871001C8009 /* Mylaundrydemo */ = {
			isa = PBXGroup;
			children = (
				7BE6ACFF1CA01871001C8009 /* AppDelegate.swift */,
				7BE6AD031CA01871001C8009 /* Main.storyboard */,
				7BE6AD311CA787E1001C8009 /* View */,
				7BF2A97E1CA824BC007A8D42 /* Others */,
			);
			path = Mylaundrydemo;
			sourceTree = "<group>";
		};
		7BE6AD131CA01871001C8009 /* MylaundrydemoTests */ = {
			isa = PBXGroup;
			children = (
				7BE6AD141CA01871001C8009 /* MylaundrydemoTests.swift */,
				7BE6AD161CA01871001C8009 /* Info.plist */,
			);
			path = MylaundrydemoTests;
			sourceTree = "<group>";
		};
		7BE6AD1E1CA01871001C8009 /* MylaundrydemoUITests */ = {
			isa = PBXGroup;
			children = (
				7BE6AD1F1CA01871001C8009 /* MylaundrydemoUITests.swift */,
				7BE6AD211CA01871001C8009 /* Info.plist */,
			);
			path = MylaundrydemoUITests;
			sourceTree = "<group>";
		};
		7BE6AD311CA787E1001C8009 /* View */ = {
			isa = PBXGroup;
			children = (
				7B02005C1CB3F4960093004A /* Splash */,
				7B02005D1CB3F4A50093004A /* Login */,
				7B02005B1CB3F4840093004A /* Home */,
				7B02005F1CB3F4BD0093004A /* User */,
				7B02005E1CB3F4AE0093004A /* More */,
			);
			name = View;
			sourceTree = "<group>";
		};
		7BF2A97E1CA824BC007A8D42 /* Others */ = {
			isa = PBXGroup;
			children = (
				7BF2A98D1CAFBA5A007A8D42 /* NETrequest */,
				7BF2A9831CAAA041007A8D42 /* RXProgressHUD.swift */,
				7BF2A9851CAAA0CA007A8D42 /* RXHUD.swift */,
				7BE6AD061CA01871001C8009 /* Assets.xcassets */,
				7BF2A97F1CA831E1007A8D42 /* Customcolors.swift */,
				7BF2A97C1CA82498007A8D42 /* STHeiti-Light.ttc */,
				7BE6AD0B1CA01871001C8009 /* Info.plist */,
				7BE6AD081CA01871001C8009 /* LaunchScreen.storyboard */,
			);
			name = Others;
			sourceTree = "<group>";
		};
		7BF2A98D1CAFBA5A007A8D42 /* NETrequest */ = {
			isa = PBXGroup;
			children = (
			);
			name = NETrequest;
			sourceTree = "<group>";
		};
/* End PBXGroup section */

/* Begin PBXNativeTarget section */
		7BE6ACFB1CA01871001C8009 /* Mylaundrydemo */ = {
			isa = PBXNativeTarget;
			buildConfigurationList = 7BE6AD241CA01871001C8009 /* Build configuration list for PBXNativeTarget "Mylaundrydemo" */;
			buildPhases = (
				7BE6ACF81CA01871001C8009 /* Sources */,
				7BE6ACF91CA01871001C8009 /* Frameworks */,
				7BE6ACFA1CA01871001C8009 /* Resources */,
			);
			buildRules = (
			);
			dependencies = (
			);
			name = Mylaundrydemo;
			productName = Mylaundrydemo;
			productReference = 7BE6ACFC1CA01871001C8009 /* Mylaundrydemo.app */;
			productType = "com.apple.product-type.application";
		};
		7BE6AD0F1CA01871001C8009 /* MylaundrydemoTests */ = {
			isa = PBXNativeTarget;
			buildConfigurationList = 7BE6AD271CA01871001C8009 /* Build configuration list for PBXNativeTarget "MylaundrydemoTests" */;
			buildPhases = (
				7BE6AD0C1CA01871001C8009 /* Sources */,
				7BE6AD0D1CA01871001C8009 /* Frameworks */,
				7BE6AD0E1CA01871001C8009 /* Resources */,
			);
			buildRules = (
			);
			dependencies = (
				7BE6AD121CA01871001C8009 /* PBXTargetDependency */,
			);
			name = MylaundrydemoTests;
			productName = MylaundrydemoTests;
			productReference = 7BE6AD101CA01871001C8009 /* MylaundrydemoTests.xctest */;
			productType = "com.apple.product-type.bundle.unit-test";
		};
		7BE6AD1A1CA01871001C8009 /* MylaundrydemoUITests */ = {
			isa = PBXNativeTarget;
			buildConfigurationList = 7BE6AD2A1CA01871001C8009 /* Build configuration list for PBXNativeTarget "MylaundrydemoUITests" */;
			buildPhases = (
				7BE6AD171CA01871001C8009 /* Sources */,
				7BE6AD181CA01871001C8009 /* Frameworks */,
				7BE6AD191CA01871001C8009 /* Resources */,
			);
			buildRules = (
			);
			dependencies = (
				7BE6AD1D1CA01871001C8009 /* PBXTargetDependency */,
			);
			name = MylaundrydemoUITests;
			productName = MylaundrydemoUITests;
			productReference = 7BE6AD1B1CA01871001C8009 /* MylaundrydemoUITests.xctest */;
			productType = "com.apple.product-type.bundle.ui-testing";
		};
/* End PBXNativeTarget section */

/* Begin PBXProject section */
		7BE6ACF41CA01871001C8009 /* Project object */ = {
			isa = PBXProject;
			attributes = {
				LastSwiftUpdateCheck = 0720;
				LastUpgradeCheck = 0720;
				ORGANIZATIONNAME = "Delin-Zhang";
				TargetAttributes = {
					7BE6ACFB1CA01871001C8009 = {
						CreatedOnToolsVersion = 7.2;
					};
					7BE6AD0F1CA01871001C8009 = {
						CreatedOnToolsVersion = 7.2;
						DevelopmentTeam = 9WHNC99J7N;
						TestTargetID = 7BE6ACFB1CA01871001C8009;
					};
					7BE6AD1A1CA01871001C8009 = {
						CreatedOnToolsVersion = 7.2;
						DevelopmentTeam = 9WHNC99J7N;
						TestTargetID = 7BE6ACFB1CA01871001C8009;
					};
				};
			};
			buildConfigurationList = 7BE6ACF71CA01871001C8009 /* Build configuration list for PBXProject "Mylaundrydemo" */;
			compatibilityVersion = "Xcode 3.2";
			developmentRegion = English;
			hasScannedForEncodings = 0;
			knownRegions = (
				en,
				Base,
			);
			mainGroup = 7BE6ACF31CA01871001C8009;
			productRefGroup = 7BE6ACFD1CA01871001C8009 /* Products */;
			projectDirPath = "";
			projectRoot = "";
			targets = (
				7BE6ACFB1CA01871001C8009 /* Mylaundrydemo */,
				7BE6AD0F1CA01871001C8009 /* MylaundrydemoTests */,
				7BE6AD1A1CA01871001C8009 /* MylaundrydemoUITests */,
			);
		};
/* End PBXProject section */

/* Begin PBXResourcesBuildPhase section */
		7BE6ACFA1CA01871001C8009 /* Resources */ = {
			isa = PBXResourcesBuildPhase;
			buildActionMask = 2147483647;
			files = (
				7BE6AD0A1CA01871001C8009 /* LaunchScreen.storyboard in Resources */,
				7BF2A97D1CA82498007A8D42 /* STHeiti-Light.ttc in Resources */,
				7BE6AD071CA01871001C8009 /* Assets.xcassets in Resources */,
				7BE6AD051CA01871001C8009 /* Main.storyboard in Resources */,
			);
			runOnlyForDeploymentPostprocessing = 0;
		};
		7BE6AD0E1CA01871001C8009 /* Resources */ = {
			isa = PBXResourcesBuildPhase;
			buildActionMask = 2147483647;
			files = (
			);
			runOnlyForDeploymentPostprocessing = 0;
		};
		7BE6AD191CA01871001C8009 /* Resources */ = {
			isa = PBXResourcesBuildPhase;
			buildActionMask = 2147483647;
			files = (
			);
			runOnlyForDeploymentPostprocessing = 0;
		};
/* End PBXResourcesBuildPhase section */

/* Begin PBXSourcesBuildPhase section */
		7BE6ACF81CA01871001C8009 /* Sources */ = {
			isa = PBXSourcesBuildPhase;
			buildActionMask = 2147483647;
			files = (
				7BF2A9881CAAC752007A8D42 /* pieceWashViewController.swift in Sources */,
				7B0200541CB0B7200093004A /* UserViewController.swift in Sources */,
				7B0200581CB1F8ED0093004A /* TabbarViewController.swift in Sources */,
				7BF2A9841CAAA041007A8D42 /* RXProgressHUD.swift in Sources */,
				7BF2A9821CA963B4007A8D42 /* HomeViewController.swift in Sources */,
				7BF2A9861CAAA0CA007A8D42 /* RXHUD.swift in Sources */,
				7BF2A97B1CA82305007A8D42 /* LoginViewController.swift in Sources */,
				7BF2A9911CAFF00D007A8D42 /* WashBagViewController.swift in Sources */,
				7BE6AD2E1CA01CA5001C8009 /* SplashViewController.swift in Sources */,
				7B0200631CB3F6A60093004A /* MoreViewController.swift in Sources */,
				7BF2A9801CA831E1007A8D42 /* Customcolors.swift in Sources */,
				7BE6AD001CA01871001C8009 /* AppDelegate.swift in Sources */,
			);
			runOnlyForDeploymentPostprocessing = 0;
		};
		7BE6AD0C1CA01871001C8009 /* Sources */ = {
			isa = PBXSourcesBuildPhase;
			buildActionMask = 2147483647;
			files = (
				7BE6AD151CA01871001C8009 /* MylaundrydemoTests.swift in Sources */,
			);
			runOnlyForDeploymentPostprocessing = 0;
		};
		7BE6AD171CA01871001C8009 /* Sources */ = {
			isa = PBXSourcesBuildPhase;
			buildActionMask = 2147483647;
			files = (
				7BE6AD201CA01871001C8009 /* MylaundrydemoUITests.swift in Sources */,
			);
			runOnlyForDeploymentPostprocessing = 0;
		};
/* End PBXSourcesBuildPhase section */

/* Begin PBXTargetDependency section */
		7BE6AD121CA01871001C8009 /* PBXTargetDependency */ = {
			isa = PBXTargetDependency;
			target = 7BE6ACFB1CA01871001C8009 /* Mylaundrydemo */;
			targetProxy = 7BE6AD111CA01871001C8009 /* PBXContainerItemProxy */;
		};
		7BE6AD1D1CA01871001C8009 /* PBXTargetDependency */ = {
			isa = PBXTargetDependency;
			target = 7BE6ACFB1CA01871001C8009 /* Mylaundrydemo */;
			targetProxy = 7BE6AD1C1CA01871001C8009 /* PBXContainerItemProxy */;
		};
/* End PBXTargetDependency section */

/* Begin PBXVariantGroup section */
		7BE6AD031CA01871001C8009 /* Main.storyboard */ = {
			isa = PBXVariantGroup;
			children = (
				7BE6AD041CA01871001C8009 /* Base */,
			);
			name = Main.storyboard;
			sourceTree = "<group>";
		};
		7BE6AD081CA01871001C8009 /* LaunchScreen.storyboard */ = {
			isa = PBXVariantGroup;
			children = (
				7BE6AD091CA01871001C8009 /* Base */,
			);
			name = LaunchScreen.storyboard;
			sourceTree = "<group>";
		};
/* End PBXVariantGroup section */

/* Begin XCBuildConfiguration section */
		7BE6AD221CA01871001C8009 /* Debug */ = {
			isa = XCBuildConfiguration;
			buildSettings = {
				ALWAYS_SEARCH_USER_PATHS = NO;
				CLANG_CXX_LANGUAGE_STANDARD = "gnu++0x";
				CLANG_CXX_LIBRARY = "libc++";
				CLANG_ENABLE_MODULES = YES;
				CLANG_ENABLE_OBJC_ARC = YES;
				CLANG_WARN_BOOL_CONVERSION = YES;
				CLANG_WARN_CONSTANT_CONVERSION = YES;
				CLANG_WARN_DIRECT_OBJC_ISA_USAGE = YES_ERROR;
				CLANG_WARN_EMPTY_BODY = YES;
				CLANG_WARN_ENUM_CONVERSION = YES;
				CLANG_WARN_INT_CONVERSION = YES;
				CLANG_WARN_OBJC_ROOT_CLASS = YES_ERROR;
				CLANG_WARN_UNREACHABLE_CODE = YES;
				CLANG_WARN__DUPLICATE_METHOD_MATCH = YES;
				"CODE_SIGN_IDENTITY[sdk=iphoneos*]" = "iPhone Developer";
				COPY_PHASE_STRIP = NO;
				DEBUG_INFORMATION_FORMAT = dwarf;
				ENABLE_STRICT_OBJC_MSGSEND = YES;
				ENABLE_TESTABILITY = YES;
				GCC_C_LANGUAGE_STANDARD = gnu99;
				GCC_DYNAMIC_NO_PIC = NO;
				GCC_NO_COMMON_BLOCKS = YES;
				GCC_OPTIMIZATION_LEVEL = 0;
				GCC_PREPROCESSOR_DEFINITIONS = (
					"DEBUG=1",
					"$(inherited)",
				);
				GCC_WARN_64_TO_32_BIT_CONVERSION = YES;
				GCC_WARN_ABOUT_RETURN_TYPE = YES_ERROR;
				GCC_WARN_UNDECLARED_SELECTOR = YES;
				GCC_WARN_UNINITIALIZED_AUTOS = YES_AGGRESSIVE;
				GCC_WARN_UNUSED_FUNCTION = YES;
				GCC_WARN_UNUSED_VARIABLE = YES;
				IPHONEOS_DEPLOYMENT_TARGET = 9.2;
				MTL_ENABLE_DEBUG_INFO = YES;
				ONLY_ACTIVE_ARCH = YES;
				SDKROOT = iphoneos;
				SWIFT_OPTIMIZATION_LEVEL = "-Onone";
				TARGETED_DEVICE_FAMILY = "1,2";
			};
			name = Debug;
		};
		7BE6AD231CA01871001C8009 /* Release */ = {
			isa = XCBuildConfiguration;
			buildSettings = {
				ALWAYS_SEARCH_USER_PATHS = NO;
				CLANG_CXX_LANGUAGE_STANDARD = "gnu++0x";
				CLANG_CXX_LIBRARY = "libc++";
				CLANG_ENABLE_MODULES = YES;
				CLANG_ENABLE_OBJC_ARC = YES;
				CLANG_WARN_BOOL_CONVERSION = YES;
				CLANG_WARN_CONSTANT_CONVERSION = YES;
				CLANG_WARN_DIRECT_OBJC_ISA_USAGE = YES_ERROR;
				CLANG_WARN_EMPTY_BODY = YES;
				CLANG_WARN_ENUM_CONVERSION = YES;
				CLANG_WARN_INT_CONVERSION = YES;
				CLANG_WARN_OBJC_ROOT_CLASS = YES_ERROR;
				CLANG_WARN_UNREACHABLE_CODE = YES;
				CLANG_WARN__DUPLICATE_METHOD_MATCH = YES;
				"CODE_SIGN_IDENTITY[sdk=iphoneos*]" = "iPhone Developer";
				COPY_PHASE_STRIP = NO;
				DEBUG_INFORMATION_FORMAT = "dwarf-with-dsym";
				ENABLE_NS_ASSERTIONS = NO;
				ENABLE_STRICT_OBJC_MSGSEND = YES;
				GCC_C_LANGUAGE_STANDARD = gnu99;
				GCC_NO_COMMON_BLOCKS = YES;
				GCC_WARN_64_TO_32_BIT_CONVERSION = YES;
				GCC_WARN_ABOUT_RETURN_TYPE = YES_ERROR;
				GCC_WARN_UNDECLARED_SELECTOR = YES;
				GCC_WARN_UNINITIALIZED_AUTOS = YES_AGGRESSIVE;
				GCC_WARN_UNUSED_FUNCTION = YES;
				GCC_WARN_UNUSED_VARIABLE = YES;
				IPHONEOS_DEPLOYMENT_TARGET = 9.2;
				MTL_ENABLE_DEBUG_INFO = NO;
				SDKROOT = iphoneos;
				TARGETED_DEVICE_FAMILY = "1,2";
				VALIDATE_PRODUCT = YES;
			};
			name = Release;
		};
		7BE6AD251CA01871001C8009 /* Debug */ = {
			isa = XCBuildConfiguration;
			buildSettings = {
				ASSETCATALOG_COMPILER_APPICON_NAME = AppIcon;
				CODE_SIGN_IDENTITY = "iPhone Developer";
				INFOPLIST_FILE = Mylaundrydemo/Info.plist;
				LD_RUNPATH_SEARCH_PATHS = "$(inherited) @executable_path/Frameworks";
				PRODUCT_BUNDLE_IDENTIFIER = dl.Mylaundrydemo;
				PRODUCT_NAME = "$(TARGET_NAME)";
			};
			name = Debug;
		};
		7BE6AD261CA01871001C8009 /* Release */ = {
			isa = XCBuildConfiguration;
			buildSettings = {
				ASSETCATALOG_COMPILER_APPICON_NAME = AppIcon;
				CODE_SIGN_IDENTITY = "iPhone Developer";
				INFOPLIST_FILE = Mylaundrydemo/Info.plist;
				LD_RUNPATH_SEARCH_PATHS = "$(inherited) @executable_path/Frameworks";
				PRODUCT_BUNDLE_IDENTIFIER = dl.Mylaundrydemo;
				PRODUCT_NAME = "$(TARGET_NAME)";
			};
			name = Release;
		};
		7BE6AD281CA01871001C8009 /* Debug */ = {
			isa = XCBuildConfiguration;
			buildSettings = {
				BUNDLE_LOADER = "$(TEST_HOST)";
				INFOPLIST_FILE = MylaundrydemoTests/Info.plist;
				LD_RUNPATH_SEARCH_PATHS = "$(inherited) @executable_path/Frameworks @loader_path/Frameworks";
				PRODUCT_BUNDLE_IDENTIFIER = dl.MylaundrydemoTests;
				PRODUCT_NAME = "$(TARGET_NAME)";
				TEST_HOST = "$(BUILT_PRODUCTS_DIR)/Mylaundrydemo.app/Mylaundrydemo";
			};
			name = Debug;
		};
		7BE6AD291CA01871001C8009 /* Release */ = {
			isa = XCBuildConfiguration;
			buildSettings = {
				BUNDLE_LOADER = "$(TEST_HOST)";
				INFOPLIST_FILE = MylaundrydemoTests/Info.plist;
				LD_RUNPATH_SEARCH_PATHS = "$(inherited) @executable_path/Frameworks @loader_path/Frameworks";
				PRODUCT_BUNDLE_IDENTIFIER = dl.MylaundrydemoTests;
				PRODUCT_NAME = "$(TARGET_NAME)";
				TEST_HOST = "$(BUILT_PRODUCTS_DIR)/Mylaundrydemo.app/Mylaundrydemo";
			};
			name = Release;
		};
		7BE6AD2B1CA01871001C8009 /* Debug */ = {
			isa = XCBuildConfiguration;
			buildSettings = {
				INFOPLIST_FILE = MylaundrydemoUITests/Info.plist;
				LD_RUNPATH_SEARCH_PATHS = "$(inherited) @executable_path/Frameworks @loader_path/Frameworks";
				PRODUCT_BUNDLE_IDENTIFIER = dl.MylaundrydemoUITests;
				PRODUCT_NAME = "$(TARGET_NAME)";
				TEST_TARGET_NAME = Mylaundrydemo;
				USES_XCTRUNNER = YES;
			};
			name = Debug;
		};
		7BE6AD2C1CA01871001C8009 /* Release */ = {
			isa = XCBuildConfiguration;
			buildSettings = {
				INFOPLIST_FILE = MylaundrydemoUITests/Info.plist;
				LD_RUNPATH_SEARCH_PATHS = "$(inherited) @executable_path/Frameworks @loader_path/Frameworks";
				PRODUCT_BUNDLE_IDENTIFIER = dl.MylaundrydemoUITests;
				PRODUCT_NAME = "$(TARGET_NAME)";
				TEST_TARGET_NAME = Mylaundrydemo;
				USES_XCTRUNNER = YES;
			};
			name = Release;
		};
/* End XCBuildConfiguration section */

/* Begin XCConfigurationList section */
		7BE6ACF71CA01871001C8009 /* Build configuration list for PBXProject "Mylaundrydemo" */ = {
			isa = XCConfigurationList;
			buildConfigurations = (
				7BE6AD221CA01871001C8009 /* Debug */,
				7BE6AD231CA01871001C8009 /* Release */,
			);
			defaultConfigurationIsVisible = 0;
			defaultConfigurationName = Release;
		};
		7BE6AD241CA01871001C8009 /* Build configuration list for PBXNativeTarget "Mylaundrydemo" */ = {
			isa = XCConfigurationList;
			buildConfigurations = (
				7BE6AD251CA01871001C8009 /* Debug */,
				7BE6AD261CA01871001C8009 /* Release */,
			);
			defaultConfigurationIsVisible = 0;
			defaultConfigurationName = Release;
		};
		7BE6AD271CA01871001C8009 /* Build configuration list for PBXNativeTarget "MylaundrydemoTests" */ = {
			isa = XCConfigurationList;
			buildConfigurations = (
				7BE6AD281CA01871001C8009 /* Debug */,
				7BE6AD291CA01871001C8009 /* Release */,
			);
			defaultConfigurationIsVisible = 0;
			defaultConfigurationName = Release;
		};
		7BE6AD2A1CA01871001C8009 /* Build configuration list for PBXNativeTarget "MylaundrydemoUITests" */ = {
			isa = XCConfigurationList;
			buildConfigurations = (
				7BE6AD2B1CA01871001C8009 /* Debug */,
				7BE6AD2C1CA01871001C8009 /* Release */,
			);
			defaultConfigurationIsVisible = 0;
			defaultConfigurationName = Release;
		};
/* End XCConfigurationList section */
	};
	rootObject = 7BE6ACF41CA01871001C8009 /* Project object */;
}
